
Microsoft Visual Studio Solution File, Format Version 12.00
# Visual Studio 14
VisualStudioVersion = 14.0.24720.0
MinimumVisualStudioVersion = 10.0.40219.1
Project("{FAE04EC0-301F-11D3-BF4B-00C04F79EFBC}") = "AsyncAwait", "AsyncAwait\AsyncAwait.csproj", "{B4FB8C17-D553-4506-8212-C0FC7A5B7DE3}"
EndProject
Project("{FAE04EC0-301F-11D3-BF4B-00C04F79EFBC}") = "PublicRestroom", "PublicRestroom\PublicRestroom.csproj", "{EC685508-6410-47D1-A77F-8D112C700D90}"
EndProject
Global
	GlobalSection(SolutionConfigurationPlatforms) = preSolution
		Debug|Any CPU = Debug|Any CPU
		Release|Any CPU = Release|Any CPU
	EndGlobalSection
	GlobalSection(ProjectConfigurationPlatforms) = postSolution
		{B4FB8C17-D553-4506-8212-C0FC7A5B7DE3}.Debug|Any CPU.ActiveCfg = Debug|Any CPU
		{B4FB8C17-D553-4506-8212-C0FC7A5B7DE3}.Debug|Any CPU.Build.0 = Debug|Any CPU
		{B4FB8C17-D553-4506-8212-C0FC7A5B7DE3}.Release|Any CPU.ActiveCfg = Release|Any CPU
		{B4FB8C17-D553-4506-8212-C0FC7A5B7DE3}.Release|Any CPU.Build.0 = Release|Any CPU
		{EC685508-6410-47D1-A77F-8D112C700D90}.Debug|Any CPU.ActiveCfg = Debug|Any CPU
		{EC685508-6410-47D1-A77F-8D112C700D90}.Debug|Any CPU.Build.0 = Debug|Any CPU
		{EC685508-6410-47D1-A77F-8D112C700D90}.Release|Any CPU.ActiveCfg = Release|Any CPU
		{EC685508-6410-47D1-A77F-8D112C700D90}.Release|Any CPU.Build.0 = Release|Any CPU
	EndGlobalSection
	GlobalSection(SolutionProperties) = preSolution
		HideSolutionNode = FALSE
	EndGlobalSection
EndGlobal
